# This file is generated by running "yarn install" inside your project.
# Manual changes might be lost - proceed with caution!

__metadata:
  version: 8
  cacheKey: 10c0

"@noble/curves@npm:^1.3.0":
  version: 1.4.0
  resolution: "@noble/curves@npm:1.4.0"
  dependencies:
    "@noble/hashes": "npm:1.4.0"
  checksum: 10c0/31fbc370df91bcc5a920ca3f2ce69c8cf26dc94775a36124ed8a5a3faf0453badafd2ee4337061ffea1b43c623a90ee8b286a5a81604aaf9563bdad7ff795d18
  languageName: node
  linkType: hard

"@noble/hashes@npm:1.4.0, @noble/hashes@npm:^1.3.1, @noble/hashes@npm:^1.3.3":
  version: 1.4.0
  resolution: "@noble/hashes@npm:1.4.0"
  checksum: 10c0/8c3f005ee72e7b8f9cff756dfae1241485187254e3f743873e22073d63906863df5d4f13d441b7530ea614b7a093f0d889309f28b59850f33b66cb26a779a4a5
  languageName: node
  linkType: hard

"@polkadot-api/json-rpc-provider-proxy@npm:0.0.1":
  version: 0.0.1
  resolution: "@polkadot-api/json-rpc-provider-proxy@npm:0.0.1"
  checksum: 10c0/2e18848c362af7bb1361873237d38e17e17442729954e5ca800d95dcf39ca4f77e24054eb36254dec6d0969df31e3968814019dc4acaa55584985d4f31186811
  languageName: node
  linkType: hard

"@polkadot-api/json-rpc-provider@npm:0.0.1":
  version: 0.0.1
  resolution: "@polkadot-api/json-rpc-provider@npm:0.0.1"
  checksum: 10c0/90dc86693e7ef742c50484f4374d4b4f0eb7b5f7f618cf96a3dfed866fd18edf19132fc750b2944e8300d83c5601343f3876cbe60cd6bb1086301361d682ebd8
  languageName: node
  linkType: hard

"@polkadot-api/metadata-builders@npm:0.0.1":
  version: 0.0.1
  resolution: "@polkadot-api/metadata-builders@npm:0.0.1"
  dependencies:
    "@polkadot-api/substrate-bindings": "npm:0.0.1"
    "@polkadot-api/utils": "npm:0.0.1"
  checksum: 10c0/15cee1c05f61f324a72a8e81540297ffccd532d477233868cc6c8ef9c47ac6bcb174c686b2cb41336304d54b9b7a5cb1396cc482b97b78c1671c7316dad27839
  languageName: node
  linkType: hard

"@polkadot-api/observable-client@npm:0.1.0":
  version: 0.1.0
  resolution: "@polkadot-api/observable-client@npm:0.1.0"
  dependencies:
    "@polkadot-api/metadata-builders": "npm:0.0.1"
    "@polkadot-api/substrate-bindings": "npm:0.0.1"
    "@polkadot-api/substrate-client": "npm:0.0.1"
    "@polkadot-api/utils": "npm:0.0.1"
  peerDependencies:
    rxjs: ">=7.8.0"
  checksum: 10c0/e2557d1875fc9a7fcfc919329ce6190ebea28b7f5482c40ff53941148ec183bc707c0887aa8c50eda1f7fd36c77f18ab84c1e4a1d65209131e351ba50f554735
  languageName: node
  linkType: hard

"@polkadot-api/substrate-bindings@npm:0.0.1":
  version: 0.0.1
  resolution: "@polkadot-api/substrate-bindings@npm:0.0.1"
  dependencies:
    "@noble/hashes": "npm:^1.3.1"
    "@polkadot-api/utils": "npm:0.0.1"
    "@scure/base": "npm:^1.1.1"
    scale-ts: "npm:^1.6.0"
  checksum: 10c0/1993706a4fb0a93ccdb1ac741a083f3015c26bba180df421cb8cf133e4bc00a222297a368358c5c103ca4229b87ae331dbde450edf98a893b43cfb3f94651e03
  languageName: node
  linkType: hard

"@polkadot-api/substrate-client@npm:0.0.1":
  version: 0.0.1
  resolution: "@polkadot-api/substrate-client@npm:0.0.1"
  checksum: 10c0/92dbe76ea434c8ee2ac6c42be2003a1823e7b6d25955981a1410e3c9aab700fa7e4f0871c98cd3eea30ed4388b0ecaf4eaedad111240e17373704152c1faca98
  languageName: node
  linkType: hard

"@polkadot-api/utils@npm:0.0.1":
  version: 0.0.1
  resolution: "@polkadot-api/utils@npm:0.0.1"
  checksum: 10c0/531de2bfe0a1a55703bc83abb92e7ecf4862f4840bca64626520eb59a6e49dd136c1ec036cc48fab7be40e00fa84601ba1d84bd746997cb93a1bbce5dcfe7a03
  languageName: node
  linkType: hard

"@polkadot/api-augment@npm:11.3.1":
  version: 11.3.1
  resolution: "@polkadot/api-augment@npm:11.3.1"
  dependencies:
    "@polkadot/api-base": "npm:11.3.1"
    "@polkadot/rpc-augment": "npm:11.3.1"
    "@polkadot/types": "npm:11.3.1"
    "@polkadot/types-augment": "npm:11.3.1"
    "@polkadot/types-codec": "npm:11.3.1"
    "@polkadot/util": "npm:^12.6.2"
    tslib: "npm:^2.6.2"
  checksum: 10c0/0c0bd3a02671a5e6c43a4d5736733d6898337bd562b22b8e91d164cd95bc91cde34a9f9ff5c244173df82274032f754d0e04e4081b3c305847b2b91fb569e5c1
  languageName: node
  linkType: hard

"@polkadot/api-base@npm:11.3.1":
  version: 11.3.1
  resolution: "@polkadot/api-base@npm:11.3.1"
  dependencies:
    "@polkadot/rpc-core": "npm:11.3.1"
    "@polkadot/types": "npm:11.3.1"
    "@polkadot/util": "npm:^12.6.2"
    rxjs: "npm:^7.8.1"
    tslib: "npm:^2.6.2"
  checksum: 10c0/256b0936eba2b12506780957f51fa65e5f84fc4a75a17b8666db65f2190701959bb0548fdcb48d6e91600f1ba4518b6c1fa623ca88bc662f2c8777f2ea960e4b
  languageName: node
  linkType: hard

"@polkadot/api-derive@npm:11.3.1":
  version: 11.3.1
  resolution: "@polkadot/api-derive@npm:11.3.1"
  dependencies:
    "@polkadot/api": "npm:11.3.1"
    "@polkadot/api-augment": "npm:11.3.1"
    "@polkadot/api-base": "npm:11.3.1"
    "@polkadot/rpc-core": "npm:11.3.1"
    "@polkadot/types": "npm:11.3.1"
    "@polkadot/types-codec": "npm:11.3.1"
    "@polkadot/util": "npm:^12.6.2"
    "@polkadot/util-crypto": "npm:^12.6.2"
    rxjs: "npm:^7.8.1"
    tslib: "npm:^2.6.2"
  checksum: 10c0/5ea05eadd2119ee3f1707d1dcd5437bef041f7501deac788faa5bac140f86e323f4dd623f56e400cafa6835d0c4dfff90f6699eeaf595eb665f1b0d7c070b9be
  languageName: node
  linkType: hard

"@polkadot/api@npm:11.3.1, @polkadot/api@npm:^11.3.1":
  version: 11.3.1
  resolution: "@polkadot/api@npm:11.3.1"
  dependencies:
    "@polkadot/api-augment": "npm:11.3.1"
    "@polkadot/api-base": "npm:11.3.1"
    "@polkadot/api-derive": "npm:11.3.1"
    "@polkadot/keyring": "npm:^12.6.2"
    "@polkadot/rpc-augment": "npm:11.3.1"
    "@polkadot/rpc-core": "npm:11.3.1"
    "@polkadot/rpc-provider": "npm:11.3.1"
    "@polkadot/types": "npm:11.3.1"
    "@polkadot/types-augment": "npm:11.3.1"
    "@polkadot/types-codec": "npm:11.3.1"
    "@polkadot/types-create": "npm:11.3.1"
    "@polkadot/types-known": "npm:11.3.1"
    "@polkadot/util": "npm:^12.6.2"
    "@polkadot/util-crypto": "npm:^12.6.2"
    eventemitter3: "npm:^5.0.1"
    rxjs: "npm:^7.8.1"
    tslib: "npm:^2.6.2"
  checksum: 10c0/160842649ffc28486a157056127c0f2231860ca1b7b7980b6f49365fd8030dccc8978f881c544d9211a0c94a988059b330f58de93ef2143bc657953b3ab05074
  languageName: node
  linkType: hard

"@polkadot/keyring@npm:^12.6.2":
  version: 12.6.2
  resolution: "@polkadot/keyring@npm:12.6.2"
  dependencies:
    "@polkadot/util": "npm:12.6.2"
    "@polkadot/util-crypto": "npm:12.6.2"
    tslib: "npm:^2.6.2"
  peerDependencies:
    "@polkadot/util": 12.6.2
    "@polkadot/util-crypto": 12.6.2
  checksum: 10c0/16b198b072ff22cd9fb0281d1dc1e97a3939eccf268e5e2c9272e85ae90cb6212d248d6b76bf85359351d3d43fd9c8b6f951001485e0d2bcff35b675cb189f3d
  languageName: node
  linkType: hard

"@polkadot/networks@npm:12.6.2, @polkadot/networks@npm:^12.6.2":
  version: 12.6.2
  resolution: "@polkadot/networks@npm:12.6.2"
  dependencies:
    "@polkadot/util": "npm:12.6.2"
    "@substrate/ss58-registry": "npm:^1.44.0"
    tslib: "npm:^2.6.2"
  checksum: 10c0/44a482c46900058e6d5b25110cb5396382036057240cd4a8e0dae325fab54e689ec81bc43b047570581f14ce456b67310c05c1fe34c4b7f7d4e064f095f4c276
  languageName: node
  linkType: hard

"@polkadot/rpc-augment@npm:11.3.1":
  version: 11.3.1
  resolution: "@polkadot/rpc-augment@npm:11.3.1"
  dependencies:
    "@polkadot/rpc-core": "npm:11.3.1"
    "@polkadot/types": "npm:11.3.1"
    "@polkadot/types-codec": "npm:11.3.1"
    "@polkadot/util": "npm:^12.6.2"
    tslib: "npm:^2.6.2"
  checksum: 10c0/c7fb114fdb0e0fcbebb588305066566c30d033eb3aad2ca07b091299f5177382599a2c97f970f27f2e21c4c6b9909510747407370d56f3256978ae361ea339c6
  languageName: node
  linkType: hard

"@polkadot/rpc-core@npm:11.3.1":
  version: 11.3.1
  resolution: "@polkadot/rpc-core@npm:11.3.1"
  dependencies:
    "@polkadot/rpc-augment": "npm:11.3.1"
    "@polkadot/rpc-provider": "npm:11.3.1"
    "@polkadot/types": "npm:11.3.1"
    "@polkadot/util": "npm:^12.6.2"
    rxjs: "npm:^7.8.1"
    tslib: "npm:^2.6.2"
  checksum: 10c0/c5041e1d207216e215e7b5ac1b52b77bf29ce86dd72b46713e125e3a23e4b8dd21342b500e72d7265a55cc962a6d758fa2444e21d3d0f048468f497ad3d1adf6
  languageName: node
  linkType: hard

"@polkadot/rpc-provider@npm:11.3.1":
  version: 11.3.1
  resolution: "@polkadot/rpc-provider@npm:11.3.1"
  dependencies:
    "@polkadot/keyring": "npm:^12.6.2"
    "@polkadot/types": "npm:11.3.1"
    "@polkadot/types-support": "npm:11.3.1"
    "@polkadot/util": "npm:^12.6.2"
    "@polkadot/util-crypto": "npm:^12.6.2"
    "@polkadot/x-fetch": "npm:^12.6.2"
    "@polkadot/x-global": "npm:^12.6.2"
    "@polkadot/x-ws": "npm:^12.6.2"
    "@substrate/connect": "npm:0.8.10"
    eventemitter3: "npm:^5.0.1"
    mock-socket: "npm:^9.3.1"
    nock: "npm:^13.5.0"
    tslib: "npm:^2.6.2"
  dependenciesMeta:
    "@substrate/connect":
      optional: true
  checksum: 10c0/5bd6118c9833e0d1c302c8a375f48d1eaba7ec2676268e1c017c567cb0206160cc99c9182aa6e5c87ee911a4e91de3bbdee5ade66fdc0984157bfd64050949ea
  languageName: node
  linkType: hard

"@polkadot/types-augment@npm:11.3.1":
  version: 11.3.1
  resolution: "@polkadot/types-augment@npm:11.3.1"
  dependencies:
    "@polkadot/types": "npm:11.3.1"
    "@polkadot/types-codec": "npm:11.3.1"
    "@polkadot/util": "npm:^12.6.2"
    tslib: "npm:^2.6.2"
  checksum: 10c0/b0e4c9d62d1fb157b8e4e5734a18324f61cf45519c1ff5c58ca6c8c293af8efcce9328dd946173b7b316d8172e40b39ac2c2aed7694bfd6193c37f09295477ee
  languageName: node
  linkType: hard

"@polkadot/types-codec@npm:11.3.1":
  version: 11.3.1
  resolution: "@polkadot/types-codec@npm:11.3.1"
  dependencies:
    "@polkadot/util": "npm:^12.6.2"
    "@polkadot/x-bigint": "npm:^12.6.2"
    tslib: "npm:^2.6.2"
  checksum: 10c0/d9e195571177e40d709576850d3148f834a48e974e56581cd97d631633d6b8db251e918caab98b06d31162e1991b52d0e2807849e43741aaff97d9506e0f8722
  languageName: node
  linkType: hard

"@polkadot/types-create@npm:11.3.1":
  version: 11.3.1
  resolution: "@polkadot/types-create@npm:11.3.1"
  dependencies:
    "@polkadot/types-codec": "npm:11.3.1"
    "@polkadot/util": "npm:^12.6.2"
    tslib: "npm:^2.6.2"
  checksum: 10c0/7f7f4456ccb51773e860b03596189990c6e47c9ae4a9766bbbd76ef1a53f78e1e42da10feeaf9f111c71dd9484fcdf59546ab1f59e67ca025d95bae4b32c8760
  languageName: node
  linkType: hard

"@polkadot/types-known@npm:11.3.1":
  version: 11.3.1
  resolution: "@polkadot/types-known@npm:11.3.1"
  dependencies:
    "@polkadot/networks": "npm:^12.6.2"
    "@polkadot/types": "npm:11.3.1"
    "@polkadot/types-codec": "npm:11.3.1"
    "@polkadot/types-create": "npm:11.3.1"
    "@polkadot/util": "npm:^12.6.2"
    tslib: "npm:^2.6.2"
  checksum: 10c0/c90f2a00ef1326e78058659183803e0f8dc140df49760413e634914270d6689dd42a07a85a0002cbda00922a18ca8a5cd818e2645117540bd35d28794505983a
  languageName: node
  linkType: hard

"@polkadot/types-support@npm:11.3.1":
  version: 11.3.1
  resolution: "@polkadot/types-support@npm:11.3.1"
  dependencies:
    "@polkadot/util": "npm:^12.6.2"
    tslib: "npm:^2.6.2"
  checksum: 10c0/c2d3ecf953d399c7fcc9c5f11983999f66afc91507f45436056ecce6657861de9dd2dcae42b2626374d1875f43e2c9d714306372e0a36b0bd90b408d53b4a041
  languageName: node
  linkType: hard

"@polkadot/types@npm:11.3.1":
  version: 11.3.1
  resolution: "@polkadot/types@npm:11.3.1"
  dependencies:
    "@polkadot/keyring": "npm:^12.6.2"
    "@polkadot/types-augment": "npm:11.3.1"
    "@polkadot/types-codec": "npm:11.3.1"
    "@polkadot/types-create": "npm:11.3.1"
    "@polkadot/util": "npm:^12.6.2"
    "@polkadot/util-crypto": "npm:^12.6.2"
    rxjs: "npm:^7.8.1"
    tslib: "npm:^2.6.2"
  checksum: 10c0/dfa5ccf8d487493e3b6be62ad3469ba0401167a4d7471add11900e9fe87d63a6f79e342aa110c40981d5a2de9a6e60ccb66c228a066edd895ed8fb83a5ac674b
  languageName: node
  linkType: hard

"@polkadot/util-crypto@npm:12.6.2, @polkadot/util-crypto@npm:^12.6.2":
  version: 12.6.2
  resolution: "@polkadot/util-crypto@npm:12.6.2"
  dependencies:
    "@noble/curves": "npm:^1.3.0"
    "@noble/hashes": "npm:^1.3.3"
    "@polkadot/networks": "npm:12.6.2"
    "@polkadot/util": "npm:12.6.2"
    "@polkadot/wasm-crypto": "npm:^7.3.2"
    "@polkadot/wasm-util": "npm:^7.3.2"
    "@polkadot/x-bigint": "npm:12.6.2"
    "@polkadot/x-randomvalues": "npm:12.6.2"
    "@scure/base": "npm:^1.1.5"
    tslib: "npm:^2.6.2"
  peerDependencies:
    "@polkadot/util": 12.6.2
  checksum: 10c0/b25f1574a2d4298c32b7a3cf3fa9f1b1237af3cc9e4ac16e75840097e9bcea11c8188abd5c46522d46d350edceb1e3e54fe8cbb01111e4eb643df4040ff41e2a
  languageName: node
  linkType: hard

"@polkadot/util@npm:12.6.2, @polkadot/util@npm:^12.6.2":
  version: 12.6.2
  resolution: "@polkadot/util@npm:12.6.2"
  dependencies:
    "@polkadot/x-bigint": "npm:12.6.2"
    "@polkadot/x-global": "npm:12.6.2"
    "@polkadot/x-textdecoder": "npm:12.6.2"
    "@polkadot/x-textencoder": "npm:12.6.2"
    "@types/bn.js": "npm:^5.1.5"
    bn.js: "npm:^5.2.1"
    tslib: "npm:^2.6.2"
  checksum: 10c0/e426d31f8a6b8e8c57b86c18b419312906c5a169e5b2d89c15b54a5d6cf297912250d336f81926e07511ce825d36222d9e6387a01240aa6a20b11aa25dc8226a
  languageName: node
  linkType: hard

"@polkadot/wasm-bridge@npm:7.3.2":
  version: 7.3.2
  resolution: "@polkadot/wasm-bridge@npm:7.3.2"
  dependencies:
    "@polkadot/wasm-util": "npm:7.3.2"
    tslib: "npm:^2.6.2"
  peerDependencies:
    "@polkadot/util": "*"
    "@polkadot/x-randomvalues": "*"
  checksum: 10c0/8becfcd4efbabe8ea536c353164c8b767a5510d6d62e376813ab1dc0dd4560906f1dfdb1b349d56b4da657ba7c88bc9f074b658218dcae9b1edbd36f4508b710
  languageName: node
  linkType: hard

"@polkadot/wasm-crypto-asmjs@npm:7.3.2":
  version: 7.3.2
  resolution: "@polkadot/wasm-crypto-asmjs@npm:7.3.2"
  dependencies:
    tslib: "npm:^2.6.2"
  peerDependencies:
    "@polkadot/util": "*"
  checksum: 10c0/c4eb0b2c6bae2cd7b4ada5211c877a0f0cff4d4a4f2716817430c5aab74f4e8d37099add57c809a098033028378ed3e88ba1c56fd85b6fd0a80b181742f7a3f9
  languageName: node
  linkType: hard

"@polkadot/wasm-crypto-init@npm:7.3.2":
  version: 7.3.2
  resolution: "@polkadot/wasm-crypto-init@npm:7.3.2"
  dependencies:
    "@polkadot/wasm-bridge": "npm:7.3.2"
    "@polkadot/wasm-crypto-asmjs": "npm:7.3.2"
    "@polkadot/wasm-crypto-wasm": "npm:7.3.2"
    "@polkadot/wasm-util": "npm:7.3.2"
    tslib: "npm:^2.6.2"
  peerDependencies:
    "@polkadot/util": "*"
    "@polkadot/x-randomvalues": "*"
  checksum: 10c0/4813a87bf44065d4ec7cdc29b00f37cc6859974969710c6a6fefba8e42f5bb0c7e102293a8418b1c6e1b5fd55540d13beebdff777200b69420ce50b8fad803ed
  languageName: node
  linkType: hard

"@polkadot/wasm-crypto-wasm@npm:7.3.2":
  version: 7.3.2
  resolution: "@polkadot/wasm-crypto-wasm@npm:7.3.2"
  dependencies:
    "@polkadot/wasm-util": "npm:7.3.2"
    tslib: "npm:^2.6.2"
  peerDependencies:
    "@polkadot/util": "*"
  checksum: 10c0/546ebc5c42929f2f37565190014ff26f6817024e087c56053c1d8c1dcffd1f02014c4638ca70c79145d540f760339699209bb1dc939c235085a7c78efd56bc60
  languageName: node
  linkType: hard

"@polkadot/wasm-crypto@npm:^7.3.2":
  version: 7.3.2
  resolution: "@polkadot/wasm-crypto@npm:7.3.2"
  dependencies:
    "@polkadot/wasm-bridge": "npm:7.3.2"
    "@polkadot/wasm-crypto-asmjs": "npm:7.3.2"
    "@polkadot/wasm-crypto-init": "npm:7.3.2"
    "@polkadot/wasm-crypto-wasm": "npm:7.3.2"
    "@polkadot/wasm-util": "npm:7.3.2"
    tslib: "npm:^2.6.2"
  peerDependencies:
    "@polkadot/util": "*"
    "@polkadot/x-randomvalues": "*"
  checksum: 10c0/ff3ef6a2a4dcbbdeb257e7a42f906f1bb7e31292600482c1acf9267406011ea75bd9d3d6ceaf4c011f986e25a2416768775ee59ccc7dbfa6c529b11b8ea91eb4
  languageName: node
  linkType: hard

"@polkadot/wasm-util@npm:7.3.2, @polkadot/wasm-util@npm:^7.3.2":
  version: 7.3.2
  resolution: "@polkadot/wasm-util@npm:7.3.2"
  dependencies:
    tslib: "npm:^2.6.2"
  peerDependencies:
    "@polkadot/util": "*"
  checksum: 10c0/58ef58d357e7983c3bb4008b0159262d5c588234d7be64155c031f452fc0daeb078ff0ac8bb4b0377dac307130b0b548c01fd466968869ed308d50e2c162d23b
  languageName: node
  linkType: hard

"@polkadot/x-bigint@npm:12.6.2, @polkadot/x-bigint@npm:^12.6.2":
  version: 12.6.2
  resolution: "@polkadot/x-bigint@npm:12.6.2"
  dependencies:
    "@polkadot/x-global": "npm:12.6.2"
    tslib: "npm:^2.6.2"
  checksum: 10c0/78123efa2a5fad7fccb79dbe0c44f5506b70405a2b9b1dc9db9450ddd2f01791b011a46c9fff31ed8b21aace6f676179c4b7746c97ca254e8822bcf543e4d779
  languageName: node
  linkType: hard

"@polkadot/x-fetch@npm:^12.6.2":
  version: 12.6.2
  resolution: "@polkadot/x-fetch@npm:12.6.2"
  dependencies:
    "@polkadot/x-global": "npm:12.6.2"
    node-fetch: "npm:^3.3.2"
    tslib: "npm:^2.6.2"
  checksum: 10c0/c4e34c28f4374db3b6795b31f63434b4241896a82cd1a0aa81196c7dbe8aa345069a39d27d5c3af214d8d2824154c6fe1fcbe9cb22af32f9a2c3fd22dc4b8583
  languageName: node
  linkType: hard

"@polkadot/x-global@npm:12.6.2, @polkadot/x-global@npm:^12.6.2":
  version: 12.6.2
  resolution: "@polkadot/x-global@npm:12.6.2"
  dependencies:
    tslib: "npm:^2.6.2"
  checksum: 10c0/63738eb46465e3e43151d746321c178131385a734e1d3865fc76667fec9d4b1fb8b35a0d8ee75834035b54a4047e0bae86c4f2e465b16c73d4fc15ec4426446f
  languageName: node
  linkType: hard

"@polkadot/x-randomvalues@npm:12.6.2":
  version: 12.6.2
  resolution: "@polkadot/x-randomvalues@npm:12.6.2"
  dependencies:
    "@polkadot/x-global": "npm:12.6.2"
    tslib: "npm:^2.6.2"
  peerDependencies:
    "@polkadot/util": 12.6.2
    "@polkadot/wasm-util": "*"
  checksum: 10c0/44920ec7a93ca0b5b0d2abae493fe5a9fb8cdb44b70029d431c1244a11dea0a9f14d216b4d14bde8b984199b9dd364a3ae68b51937784645343f686b3613c223
  languageName: node
  linkType: hard

"@polkadot/x-textdecoder@npm:12.6.2":
  version: 12.6.2
  resolution: "@polkadot/x-textdecoder@npm:12.6.2"
  dependencies:
    "@polkadot/x-global": "npm:12.6.2"
    tslib: "npm:^2.6.2"
  checksum: 10c0/d1aa46dc0c4f88bce3cb7aaadbede99c2fb159c0fd317fb9fe5b54bdbb83da9cce3a5d628e25892028b34cc4eeef72669c344f0af12e21f05429142cc7b4732d
  languageName: node
  linkType: hard

"@polkadot/x-textencoder@npm:12.6.2":
  version: 12.6.2
  resolution: "@polkadot/x-textencoder@npm:12.6.2"
  dependencies:
    "@polkadot/x-global": "npm:12.6.2"
    tslib: "npm:^2.6.2"
  checksum: 10c0/fa234ce4d164991ea98f34e9eae2adf0c4d2b0806e2e30b11c41a52b432f8cbd91fb16945243809fd9433c513b8c7ab4c16d902b92faf7befaa523daae7459f4
  languageName: node
  linkType: hard

"@polkadot/x-ws@npm:^12.6.2":
  version: 12.6.2
  resolution: "@polkadot/x-ws@npm:12.6.2"
  dependencies:
    "@polkadot/x-global": "npm:12.6.2"
    tslib: "npm:^2.6.2"
    ws: "npm:^8.15.1"
  checksum: 10c0/15565803a34aa7d6654c4c05725f5f44e504caa69f590523c5569fcbd66cf1e467de03e3e13a4d71bb60efceb28c60fd5719bee5efd721c020cf470025bbeb29
  languageName: node
  linkType: hard

"@scure/base@npm:^1.1.1, @scure/base@npm:^1.1.5":
  version: 1.1.7
  resolution: "@scure/base@npm:1.1.7"
  checksum: 10c0/2d06aaf39e6de4b9640eb40d2e5419176ebfe911597856dcbf3bc6209277ddb83f4b4b02cb1fd1208f819654268ec083da68111d3530bbde07bae913e2fc2e5d
  languageName: node
  linkType: hard

"@substrate/connect-extension-protocol@npm:^2.0.0":
  version: 2.0.0
  resolution: "@substrate/connect-extension-protocol@npm:2.0.0"
  checksum: 10c0/14a7c96b49e686dbc710214abe0fe312a366011a3521952f2317684e2463d75d54080fe358bdd8ff8d972c9de7f0e7f508dfc5210cf694574943dd8ecc490e89
  languageName: node
  linkType: hard

"@substrate/connect-known-chains@npm:^1.1.4":
  version: 1.1.6
  resolution: "@substrate/connect-known-chains@npm:1.1.6"
  checksum: 10c0/1457106ed701d731eefe9214f4b23c23c8b60d642617c7de87b71a3fb2593b110a03c2df452ba76a40427af610d1444aeb6895fe20327ad9ee0a239310a8829a
  languageName: node
  linkType: hard

"@substrate/connect@npm:0.8.10":
  version: 0.8.10
  resolution: "@substrate/connect@npm:0.8.10"
  dependencies:
    "@substrate/connect-extension-protocol": "npm:^2.0.0"
    "@substrate/connect-known-chains": "npm:^1.1.4"
    "@substrate/light-client-extension-helpers": "npm:^0.0.6"
    smoldot: "npm:2.0.22"
  checksum: 10c0/7760b38bb84f6d89dad21dfb38c4c1fbe5203d5ae6c183ce229d2b2144e0249c4487cfe3c0a1aefab1f3d9284f2b0b5246d8e0ffc318e27537ae30dd860d78d3
  languageName: node
  linkType: hard

"@substrate/light-client-extension-helpers@npm:^0.0.6":
  version: 0.0.6
  resolution: "@substrate/light-client-extension-helpers@npm:0.0.6"
  dependencies:
    "@polkadot-api/json-rpc-provider": "npm:0.0.1"
    "@polkadot-api/json-rpc-provider-proxy": "npm:0.0.1"
    "@polkadot-api/observable-client": "npm:0.1.0"
    "@polkadot-api/substrate-client": "npm:0.0.1"
    "@substrate/connect-extension-protocol": "npm:^2.0.0"
    "@substrate/connect-known-chains": "npm:^1.1.4"
    rxjs: "npm:^7.8.1"
  peerDependencies:
    smoldot: 2.x
  checksum: 10c0/b48083b64c359a2dcec4268f189e0edc6ff4af14a8e534933bcd03a96fe341d0849d979b7e181d857f895951ebf5d90df53b06c67b005581f5d09f2bd67e2d27
  languageName: node
  linkType: hard

"@substrate/ss58-registry@npm:^1.44.0":
  version: 1.49.0
  resolution: "@substrate/ss58-registry@npm:1.49.0"
  checksum: 10c0/b50f32e2f4632b31b3e09cec026fef557b1b72f61b6811673f5b0fbe311c5394c2f19fc4c23f97b014c77eb2d0f535a8f079dfd3fb22d5a1d7b043ceeac0d9ac
  languageName: node
  linkType: hard

"@types/bn.js@npm:^5.1.5":
  version: 5.1.5
  resolution: "@types/bn.js@npm:5.1.5"
  dependencies:
    "@types/node": "npm:*"
  checksum: 10c0/e9f375b43d8119ed82aed2090f83d4cda8afbb63ba13223afb02fa7550258ff90acd76d65cd7186838644048f085241cd98a3a512d8d187aa497c6039c746ac8
  languageName: node
  linkType: hard

"@types/node@npm:*":
  version: 20.14.8
  resolution: "@types/node@npm:20.14.8"
  dependencies:
    undici-types: "npm:~5.26.4"
  checksum: 10c0/06d4643fa3b179b41fe19f9c75c240278ca1f7a313b3b837bc36ea119499c7ad77f06bbe72694ac04aa91ec77fe747baa09b889f4c435450c1724a26bd55f160
  languageName: node
  linkType: hard

"bn.js@npm:^5.2.1":
  version: 5.2.1
  resolution: "bn.js@npm:5.2.1"
  checksum: 10c0/bed3d8bd34ec89dbcf9f20f88bd7d4a49c160fda3b561c7bb227501f974d3e435a48fb9b61bc3de304acab9215a3bda0803f7017ffb4d0016a0c3a740a283caa
  languageName: node
  linkType: hard

"data-uri-to-buffer@npm:^4.0.0":
  version: 4.0.1
  resolution: "data-uri-to-buffer@npm:4.0.1"
  checksum: 10c0/20a6b93107597530d71d4cb285acee17f66bcdfc03fd81040921a81252f19db27588d87fc8fc69e1950c55cfb0bf8ae40d0e5e21d907230813eb5d5a7f9eb45b
  languageName: node
  linkType: hard

"debug@npm:^4.1.0":
  version: 4.3.5
  resolution: "debug@npm:4.3.5"
  dependencies:
    ms: "npm:2.1.2"
  peerDependenciesMeta:
    supports-color:
      optional: true
  checksum: 10c0/082c375a2bdc4f4469c99f325ff458adad62a3fc2c482d59923c260cb08152f34e2659f72b3767db8bb2f21ca81a60a42d1019605a412132d7b9f59363a005cc
  languageName: node
  linkType: hard

"eventemitter3@npm:^5.0.1":
  version: 5.0.1
  resolution: "eventemitter3@npm:5.0.1"
  checksum: 10c0/4ba5c00c506e6c786b4d6262cfbce90ddc14c10d4667e5c83ae993c9de88aa856033994dd2b35b83e8dc1170e224e66a319fa80adc4c32adcd2379bbc75da814
  languageName: node
  linkType: hard

"fetch-blob@npm:^3.1.2, fetch-blob@npm:^3.1.4":
  version: 3.2.0
  resolution: "fetch-blob@npm:3.2.0"
  dependencies:
    node-domexception: "npm:^1.0.0"
    web-streams-polyfill: "npm:^3.0.3"
  checksum: 10c0/60054bf47bfa10fb0ba6cb7742acec2f37c1f56344f79a70bb8b1c48d77675927c720ff3191fa546410a0442c998d27ab05e9144c32d530d8a52fbe68f843b69
  languageName: node
  linkType: hard

"formdata-polyfill@npm:^4.0.10":
  version: 4.0.10
  resolution: "formdata-polyfill@npm:4.0.10"
  dependencies:
    fetch-blob: "npm:^3.1.2"
  checksum: 10c0/5392ec484f9ce0d5e0d52fb5a78e7486637d516179b0eb84d81389d7eccf9ca2f663079da56f761355c0a65792810e3b345dc24db9a8bbbcf24ef3c8c88570c6
  languageName: node
  linkType: hard

"json-stringify-safe@npm:^5.0.1":
  version: 5.0.1
  resolution: "json-stringify-safe@npm:5.0.1"
  checksum: 10c0/7dbf35cd0411d1d648dceb6d59ce5857ec939e52e4afc37601aa3da611f0987d5cee5b38d58329ceddf3ed48bd7215229c8d52059ab01f2444a338bf24ed0f37
  languageName: node
  linkType: hard

"merkleized-metadata-sys@npm:^0.1.0":
  version: 0.1.0
  resolution: "merkleized-metadata-sys@npm:0.1.0"
  checksum: 10c0/d7bf57ed12add894cd700b2df38923625cfc85fafb12779f2435f5d006d89d6042b8f653840189c1b1a98c8c375349676f81a17c972e72b083e80e0d12bbce9a
  languageName: node
  linkType: hard

"merkleized-metadata@npm:^0.1.0":
  version: 0.1.0
  resolution: "merkleized-metadata@npm:0.1.0"
  dependencies:
    merkleized-metadata-sys: "npm:^0.1.0"
  checksum: 10c0/37d971c48646255fa8560e14329ccf4a85a80f8121aae814ab16e56c260685bb1ee8dc61d9ba690ba0ba986127ff7823a634b652ccbffa281d2d33efbb3caeb6
  languageName: node
  linkType: hard

"mock-socket@npm:^9.3.1":
  version: 9.3.1
  resolution: "mock-socket@npm:9.3.1"
  checksum: 10c0/0c53baa4acca12ed1ff9bddfdd4bc0cabe0fc96a3ed25a42a00d23b7a111eb6edfc2b44d93aef9a0c93a4a000b4d2d8dcff028488cd2a1e9cc416477ee341ce0
  languageName: node
  linkType: hard

"ms@npm:2.1.2":
  version: 2.1.2
  resolution: "ms@npm:2.1.2"
  checksum: 10c0/a437714e2f90dbf881b5191d35a6db792efbca5badf112f87b9e1c712aace4b4b9b742dd6537f3edf90fd6f684de897cec230abde57e87883766712ddda297cc
  languageName: node
  linkType: hard

"nock@npm:^13.5.0":
  version: 13.5.4
  resolution: "nock@npm:13.5.4"
  dependencies:
    debug: "npm:^4.1.0"
    json-stringify-safe: "npm:^5.0.1"
    propagate: "npm:^2.0.0"
  checksum: 10c0/9ca47d9d7e4b1f4adf871d7ca12722f8ef1dc7d2b9610b2568f5d9264eae9f424baa24fd9d91da9920b360d641b4243e89de198bd22c061813254a99cc6252af
  languageName: node
  linkType: hard

"node-domexception@npm:^1.0.0":
  version: 1.0.0
  resolution: "node-domexception@npm:1.0.0"
  checksum: 10c0/5e5d63cda29856402df9472335af4bb13875e1927ad3be861dc5ebde38917aecbf9ae337923777af52a48c426b70148815e890a5d72760f1b4d758cc671b1a2b
  languageName: node
  linkType: hard

"node-fetch@npm:^3.3.2":
  version: 3.3.2
  resolution: "node-fetch@npm:3.3.2"
  dependencies:
    data-uri-to-buffer: "npm:^4.0.0"
    fetch-blob: "npm:^3.1.4"
    formdata-polyfill: "npm:^4.0.10"
  checksum: 10c0/f3d5e56190562221398c9f5750198b34cf6113aa304e34ee97c94fd300ec578b25b2c2906edba922050fce983338fde0d5d34fcb0fc3336ade5bd0e429ad7538
  languageName: node
  linkType: hard

"propagate@npm:^2.0.0":
  version: 2.0.1
  resolution: "propagate@npm:2.0.1"
  checksum: 10c0/01e1023b60ae4050d1a2783f976d7db702022dbdb70dba797cceedad8cfc01b3939c41e77032f8c32aa9d93192fe937ebba1345e8604e5ce61fd3b62ee3003b8
  languageName: node
  linkType: hard

"rxjs@npm:^7.8.1":
  version: 7.8.1
  resolution: "rxjs@npm:7.8.1"
  dependencies:
    tslib: "npm:^2.1.0"
  checksum: 10c0/3c49c1ecd66170b175c9cacf5cef67f8914dcbc7cd0162855538d365c83fea631167cacb644b3ce533b2ea0e9a4d0b12175186985f89d75abe73dbd8f7f06f68
  languageName: node
  linkType: hard

"scale-ts@npm:^1.6.0":
  version: 1.6.0
  resolution: "scale-ts@npm:1.6.0"
  checksum: 10c0/ce4ea3559c6b6bdf2a62454aac83cc3151ae93d1a507ddb8e95e83ce1190085aed61c46901bd42d41d8f8ba58279d7e37057c68c2b674c2d39b8cf5d169e90dd
  languageName: node
  linkType: hard

"signer-test@workspace:.":
  version: 0.0.0-use.local
  resolution: "signer-test@workspace:."
  dependencies:
    "@polkadot/api": "npm:^11.3.1"
    merkleized-metadata: "npm:^0.1.0"
    typescript: "npm:^5.5.2"
  languageName: unknown
  linkType: soft

"smoldot@npm:2.0.22":
  version: 2.0.22
  resolution: "smoldot@npm:2.0.22"
  dependencies:
    ws: "npm:^8.8.1"
  checksum: 10c0/fa439bebfe0d0d46e4da342a313d0653fd56557b6459b5ba3db1fd6bcfb345e9d9577c27e1f6692e67dec0206addb95de6b594c17041729f5689b4b123974495
  languageName: node
  linkType: hard

"tslib@npm:^2.1.0, tslib@npm:^2.6.2":
  version: 2.6.3
  resolution: "tslib@npm:2.6.3"
  checksum: 10c0/2598aef53d9dbe711af75522464b2104724d6467b26a60f2bdac8297d2b5f1f6b86a71f61717384aa8fd897240467aaa7bcc36a0700a0faf751293d1331db39a
  languageName: node
  linkType: hard

"typescript@npm:^5.5.2":
  version: 5.5.2
  resolution: "typescript@npm:5.5.2"
  bin:
    tsc: bin/tsc
    tsserver: bin/tsserver
  checksum: 10c0/8ca39b27b5f9bd7f32db795045933ab5247897660627251e8254180b792a395bf061ea7231947d5d7ffa5cb4cc771970fd4ef543275f9b559f08c9325cccfce3
  languageName: node
  linkType: hard

"typescript@patch:typescript@npm%3A^5.5.2#optional!builtin<compat/typescript>":
  version: 5.5.2
  resolution: "typescript@patch:typescript@npm%3A5.5.2#optional!builtin<compat/typescript>::version=5.5.2&hash=379a07"
  bin:
    tsc: bin/tsc
    tsserver: bin/tsserver
  checksum: 10c0/a7b7ede75dc7fc32a76d0d0af6b91f5fbd8620890d84c906f663d8783bf3de6d7bd50f0430b8bb55eac88a38934af847ff709e7156e5138b95ae94cbd5f73e5b
  languageName: node
  linkType: hard

"undici-types@npm:~5.26.4":
  version: 5.26.5
  resolution: "undici-types@npm:5.26.5"
  checksum: 10c0/bb673d7876c2d411b6eb6c560e0c571eef4a01c1c19925175d16e3a30c4c428181fb8d7ae802a261f283e4166a0ac435e2f505743aa9e45d893f9a3df017b501
  languageName: node
  linkType: hard

"web-streams-polyfill@npm:^3.0.3":
  version: 3.3.3
  resolution: "web-streams-polyfill@npm:3.3.3"
  checksum: 10c0/64e855c47f6c8330b5436147db1c75cb7e7474d924166800e8e2aab5eb6c76aac4981a84261dd2982b3e754490900b99791c80ae1407a9fa0dcff74f82ea3a7f
  languageName: node
  linkType: hard

"ws@npm:^8.15.1, ws@npm:^8.8.1":
  version: 8.17.1
  resolution: "ws@npm:8.17.1"
  peerDependencies:
    bufferutil: ^4.0.1
    utf-8-validate: ">=5.0.2"
  peerDependenciesMeta:
    bufferutil:
      optional: true
    utf-8-validate:
      optional: true
  checksum: 10c0/f4a49064afae4500be772abdc2211c8518f39e1c959640457dcee15d4488628620625c783902a52af2dd02f68558da2868fd06e6fd0e67ebcd09e6881b1b5bfe
  languageName: node
  linkType: hard
